
Microsoft Visual Studio Solution File, Format Version 12.00
# Visual Studio Version 17
VisualStudioVersion = 17.10.35122.118
MinimumVisualStudioVersion = 10.0.40219.1
Project("{9A19103F-16F7-4668-BE54-9A1E7A4F7556}") = "CitiesManager.WebApi", "CitiesManager.WebApi.csproj", "{7C7EC6E8-A409-490A-AF53-955D90F9C6C1}"
EndProject
Project("{FAE04EC0-301F-11D3-BF4B-00C04F79EFBC}") = "CitiesManager.Core", "..\CitiesManager.Core\CitiesManager.Core.csproj", "{9042597A-4AA3-452A-9037-FD8FA66E7914}"
EndProject
Project("{FAE04EC0-301F-11D3-BF4B-00C04F79EFBC}") = "CitiesManager.Infrastructure", "..\CitiesManager.Infrastructure\CitiesManager.Infrastructure.csproj", "{121B34CB-4D96-4A3C-91BF-238A9AD6F0EC}"
EndProject
Global
	GlobalSection(SolutionConfigurationPlatforms) = preSolution
		Debug|Any CPU = Debug|Any CPU
		Release|Any CPU = Release|Any CPU
	EndGlobalSection
	GlobalSection(ProjectConfigurationPlatforms) = postSolution
		{7C7EC6E8-A409-490A-AF53-955D90F9C6C1}.Debug|Any CPU.ActiveCfg = Debug|Any CPU
		{7C7EC6E8-A409-490A-AF53-955D90F9C6C1}.Debug|Any CPU.Build.0 = Debug|Any CPU
		{7C7EC6E8-A409-490A-AF53-955D90F9C6C1}.Release|Any CPU.ActiveCfg = Release|Any CPU
		{7C7EC6E8-A409-490A-AF53-955D90F9C6C1}.Release|Any CPU.Build.0 = Release|Any CPU
		{9042597A-4AA3-452A-9037-FD8FA66E7914}.Debug|Any CPU.ActiveCfg = Debug|Any CPU
		{9042597A-4AA3-452A-9037-FD8FA66E7914}.Debug|Any CPU.Build.0 = Debug|Any CPU
		{9042597A-4AA3-452A-9037-FD8FA66E7914}.Release|Any CPU.ActiveCfg = Release|Any CPU
		{9042597A-4AA3-452A-9037-FD8FA66E7914}.Release|Any CPU.Build.0 = Release|Any CPU
		{121B34CB-4D96-4A3C-91BF-238A9AD6F0EC}.Debug|Any CPU.ActiveCfg = Debug|Any CPU
		{121B34CB-4D96-4A3C-91BF-238A9AD6F0EC}.Debug|Any CPU.Build.0 = Debug|Any CPU
		{121B34CB-4D96-4A3C-91BF-238A9AD6F0EC}.Release|Any CPU.ActiveCfg = Release|Any CPU
		{121B34CB-4D96-4A3C-91BF-238A9AD6F0EC}.Release|Any CPU.Build.0 = Release|Any CPU
	EndGlobalSection
	GlobalSection(SolutionProperties) = preSolution
		HideSolutionNode = FALSE
	EndGlobalSection
	GlobalSection(ExtensibilityGlobals) = postSolution
		SolutionGuid = {E9DAC9AC-7436-46CC-B934-6CA939761584}
	EndGlobalSection
EndGlobal
